<?xml version="1.0" encoding="utf-8"?>
<Project ToolsVersion="4.0" xmlns="http://schemas.microsoft.com/developer/msbuild/2003">
  <ItemGroup>
    <Filter Include="Kaju">
      <UniqueIdentifier>{B0DA877C-9C11-890D-45FE-6E103114050F}</UniqueIdentifier>
    </Filter>
  </ItemGroup>
  <ItemGroup>
    <ClInclude Include="Source\Kaju.h" />
    <ClInclude Include="Source\Kaju\Application.h">
      <Filter>Kaju</Filter>
    </ClInclude>
    <ClInclude Include="Source\Kaju\Core.h">
      <Filter>Kaju</Filter>
    </ClInclude>
    <ClInclude Include="Source\Kaju\EntryPoint.h">
      <Filter>Kaju</Filter>
    </ClInclude>
    <ClInclude Include="Source\Kaju\Log.h">
      <Filter>Kaju</Filter>
    </ClInclude>
  </ItemGroup>
  <ItemGroup>
    <ClCompile Include="Source\Kaju\Application.cpp">
      <Filter>Kaju</Filter>
    </ClCompile>
    <ClCompile Include="Source\Kaju\Log.cpp">
      <Filter>Kaju</Filter>
    </ClCompile>
  </ItemGroup>
</Project>