<?xml version="1.0" encoding="utf-8"?>
<Project ToolsVersion="4.0" xmlns="http://schemas.microsoft.com/developer/msbuild/2003">
  <ItemGroup>
    <Filter Include="Include">
      <UniqueIdentifier>{6917EFFE-D5F6-6D9A-DE0E-F9704A6DD4FB}</UniqueIdentifier>
    </Filter>
    <Filter Include="Source">
      <UniqueIdentifier>{56EB95D1-428D-C0A7-2B48-D4FB178947F8}</UniqueIdentifier>
    </Filter>
    <Filter Include="Source\Kaju">
      <UniqueIdentifier>{F0BB190F-5C71-9204-E565-8CDB511A8908}</UniqueIdentifier>
    </Filter>
    <Filter Include="Source\Kaju\Events">
      <UniqueIdentifier>{D499A658-C07D-67AE-29DE-610115E15130}</UniqueIdentifier>
    </Filter>
  </ItemGroup>
  <ItemGroup>
    <ClInclude Include="Include\PCH.h">
      <Filter>Include</Filter>
    </ClInclude>
    <ClInclude Include="Source\Kaju.h">
      <Filter>Source</Filter>
    </ClInclude>
    <ClInclude Include="Source\Kaju\Application.h">
      <Filter>Source\Kaju</Filter>
    </ClInclude>
    <ClInclude Include="Source\Kaju\Core.h">
      <Filter>Source\Kaju</Filter>
    </ClInclude>
    <ClInclude Include="Source\Kaju\EntryPoint.h">
      <Filter>Source\Kaju</Filter>
    </ClInclude>
    <ClInclude Include="Source\Kaju\Events\ApplicationEvent.h">
      <Filter>Source\Kaju\Events</Filter>
    </ClInclude>
    <ClInclude Include="Source\Kaju\Events\Event.h">
      <Filter>Source\Kaju\Events</Filter>
    </ClInclude>
    <ClInclude Include="Source\Kaju\Events\KeyEvent.h">
      <Filter>Source\Kaju\Events</Filter>
    </ClInclude>
    <ClInclude Include="Source\Kaju\Events\MouseEvent.h">
      <Filter>Source\Kaju\Events</Filter>
    </ClInclude>
    <ClInclude Include="Source\Kaju\Log.h">
      <Filter>Source\Kaju</Filter>
    </ClInclude>
  </ItemGroup>
  <ItemGroup>
    <ClCompile Include="Source\Kaju\Application.cpp">
      <Filter>Source\Kaju</Filter>
    </ClCompile>
    <ClCompile Include="Source\Kaju\Log.cpp">
      <Filter>Source\Kaju</Filter>
    </ClCompile>
    <ClCompile Include="Source\PCH.cpp">
      <Filter>Source</Filter>
    </ClCompile>
  </ItemGroup>
</Project>